
Microsoft Visual Studio Solution File, Format Version 12.00
# Visual Studio Version 17
VisualStudioVersion = 17.5.001.0
MinimumVisualStudioVersion = 10.0.40219.1
Project("{9A19103F-16F7-4668-BE54-9A1E7A4F7556}") = "nba-game-predictor", "nba-game-predictor.csproj", "{8737A8CC-C8D8-4AEC-9B12-00FF8C8BA8AA}"
EndProject
Global
	GlobalSection(SolutionConfigurationPlatforms) = preSolution
		Debug|Any CPU = Debug|Any CPU
		Release|Any CPU = Release|Any CPU
	EndGlobalSection
	GlobalSection(ProjectConfigurationPlatforms) = postSolution
		{8737A8CC-C8D8-4AEC-9B12-00FF8C8BA8AA}.Debug|Any CPU.ActiveCfg = Debug|Any CPU
		{8737A8CC-C8D8-4AEC-9B12-00FF8C8BA8AA}.Debug|Any CPU.Build.0 = Debug|Any CPU
		{8737A8CC-C8D8-4AEC-9B12-00FF8C8BA8AA}.Release|Any CPU.ActiveCfg = Release|Any CPU
		{8737A8CC-C8D8-4AEC-9B12-00FF8C8BA8AA}.Release|Any CPU.Build.0 = Release|Any CPU
	EndGlobalSection
	GlobalSection(SolutionProperties) = preSolution
		HideSolutionNode = FALSE
	EndGlobalSection
	GlobalSection(ExtensibilityGlobals) = postSolution
		SolutionGuid = {009FB872-9F6F-4F4E-8C8B-94683F4FA825}
	EndGlobalSection
EndGlobal
